
Microsoft Visual Studio Solution File, Format Version 12.00
# Visual Studio Version 16
VisualStudioVersion = 16.0.31515.178
MinimumVisualStudioVersion = 10.0.40219.1
Project("{888888A0-9F3D-457C-B088-3A5042F75D52}") = "Invoice Line Item Calculator Lab", "Invoice Line Item Calculator Lab.pyproj", "{81F9EE56-FC56-4F25-884A-8817091B0BDB}"
EndProject
Global
	GlobalSection(SolutionConfigurationPlatforms) = preSolution
		Debug|Any CPU = Debug|Any CPU
		Release|Any CPU = Release|Any CPU
	EndGlobalSection
	GlobalSection(ProjectConfigurationPlatforms) = postSolution
		{81F9EE56-FC56-4F25-884A-8817091B0BDB}.Debug|Any CPU.ActiveCfg = Debug|Any CPU
		{81F9EE56-FC56-4F25-884A-8817091B0BDB}.Release|Any CPU.ActiveCfg = Release|Any CPU
	EndGlobalSection
	GlobalSection(SolutionProperties) = preSolution
		HideSolutionNode = FALSE
	EndGlobalSection
	GlobalSection(ExtensibilityGlobals) = postSolution
		SolutionGuid = {3E8CAB4D-CA2C-44C9-B0EF-862B305B7CC6}
	EndGlobalSection
EndGlobal
